// !$*UTF8*$!
{
	archiveVersion = 1;
	classes = {
	};
	objectVersion = 46;
	objects = {

/* Begin PBXBuildFile section */
		0FB321441D47183B00B91F9C /* CRUD.framework in Frameworks */ = {isa = PBXBuildFile; fileRef = 0FB321391D47183B00B91F9C /* CRUD.framework */; };
		0FB321491D47183B00B91F9C /* CRUDTests.swift in Sources */ = {isa = PBXBuildFile; fileRef = 0FB321481D47183B00B91F9C /* CRUDTests.swift */; };
		0FB321561D4718B000B91F9C /* CRUD.h in Headers */ = {isa = PBXBuildFile; fileRef = 0FB321541D4718B000B91F9C /* CRUD.h */; settings = {ATTRIBUTES = (Public, ); }; };
		0FB321571D4718B000B91F9C /* CRUD.swift in Sources */ = {isa = PBXBuildFile; fileRef = 0FB321551D4718B000B91F9C /* CRUD.swift */; };
		0FB321591D471D6900B91F9C /* Alamofire.framework in Frameworks */ = {isa = PBXBuildFile; fileRef = 0FB321581D471D6900B91F9C /* Alamofire.framework */; };
		0FB3215B1D471D7400B91F9C /* Gloss.framework in Frameworks */ = {isa = PBXBuildFile; fileRef = 0FB3215A1D471D7400B91F9C /* Gloss.framework */; };
		0FB3215D1D471D7800B91F9C /* When.framework in Frameworks */ = {isa = PBXBuildFile; fileRef = 0FB3215C1D471D7800B91F9C /* When.framework */; };
		0FB321601D471E7100B91F9C /* Error.swift in Sources */ = {isa = PBXBuildFile; fileRef = 0FB3215F1D471E7100B91F9C /* Error.swift */; };
/* End PBXBuildFile section */

/* Begin PBXContainerItemProxy section */
		0FB321451D47183B00B91F9C /* PBXContainerItemProxy */ = {
			isa = PBXContainerItemProxy;
			containerPortal = 0FB321301D47183B00B91F9C /* Project object */;
			proxyType = 1;
			remoteGlobalIDString = 0FB321381D47183B00B91F9C;
			remoteInfo = CRUD;
		};
/* End PBXContainerItemProxy section */

/* Begin PBXFileReference section */
		0FB321391D47183B00B91F9C /* CRUD.framework */ = {isa = PBXFileReference; explicitFileType = wrapper.framework; includeInIndex = 0; path = CRUD.framework; sourceTree = BUILT_PRODUCTS_DIR; };
		0FB3213E1D47183B00B91F9C /* Info.plist */ = {isa = PBXFileReference; lastKnownFileType = text.plist.xml; path = Info.plist; sourceTree = "<group>"; };
		0FB321431D47183B00B91F9C /* CRUDTests.xctest */ = {isa = PBXFileReference; explicitFileType = wrapper.cfbundle; includeInIndex = 0; path = CRUDTests.xctest; sourceTree = BUILT_PRODUCTS_DIR; };
		0FB321481D47183B00B91F9C /* CRUDTests.swift */ = {isa = PBXFileReference; lastKnownFileType = sourcecode.swift; path = CRUDTests.swift; sourceTree = "<group>"; };
		0FB3214A1D47183B00B91F9C /* Info.plist */ = {isa = PBXFileReference; lastKnownFileType = text.plist.xml; path = Info.plist; sourceTree = "<group>"; };
		0FB321541D4718B000B91F9C /* CRUD.h */ = {isa = PBXFileReference; fileEncoding = 4; lastKnownFileType = sourcecode.c.h; path = CRUD.h; sourceTree = "<group>"; };
		0FB321551D4718B000B91F9C /* CRUD.swift */ = {isa = PBXFileReference; fileEncoding = 4; lastKnownFileType = sourcecode.swift; path = CRUD.swift; sourceTree = "<group>"; };
		0FB321581D471D6900B91F9C /* Alamofire.framework */ = {isa = PBXFileReference; lastKnownFileType = wrapper.framework; name = Alamofire.framework; path = "Carthage/Checkouts/Alamofire/build/Debug-iphoneos/Alamofire.framework"; sourceTree = "<group>"; };
		0FB3215A1D471D7400B91F9C /* Gloss.framework */ = {isa = PBXFileReference; lastKnownFileType = wrapper.framework; name = Gloss.framework; path = "Carthage/Checkouts/Gloss/build/Debug-iphoneos/Gloss.framework"; sourceTree = "<group>"; };
		0FB3215C1D471D7800B91F9C /* When.framework */ = {isa = PBXFileReference; lastKnownFileType = wrapper.framework; name = When.framework; path = "Carthage/Checkouts/When/build/Debug-iphoneos/When.framework"; sourceTree = "<group>"; };
		0FB3215F1D471E7100B91F9C /* Error.swift */ = {isa = PBXFileReference; fileEncoding = 4; lastKnownFileType = sourcecode.swift; path = Error.swift; sourceTree = "<group>"; };
/* End PBXFileReference section */

/* Begin PBXFrameworksBuildPhase section */
		0FB321351D47183B00B91F9C /* Frameworks */ = {
			isa = PBXFrameworksBuildPhase;
			buildActionMask = 2147483647;
			files = (
				0FB3215D1D471D7800B91F9C /* When.framework in Frameworks */,
				0FB3215B1D471D7400B91F9C /* Gloss.framework in Frameworks */,
				0FB321591D471D6900B91F9C /* Alamofire.framework in Frameworks */,
			);
			runOnlyForDeploymentPostprocessing = 0;
		};
		0FB321401D47183B00B91F9C /* Frameworks */ = {
			isa = PBXFrameworksBuildPhase;
			buildActionMask = 2147483647;
			files = (
				0FB321441D47183B00B91F9C /* CRUD.framework in Frameworks */,
			);
			runOnlyForDeploymentPostprocessing = 0;
		};
/* End PBXFrameworksBuildPhase section */

/* Begin PBXGroup section */
		0FB3212F1D47183B00B91F9C = {
			isa = PBXGroup;
			children = (
				0FB3215E1D471DA900B91F9C /* Frameworks */,
				0FB3213B1D47183B00B91F9C /* CRUD */,
				0FB321471D47183B00B91F9C /* CRUDTests */,
				0FB3213A1D47183B00B91F9C /* Products */,
			);
			sourceTree = "<group>";
		};
		0FB3213A1D47183B00B91F9C /* Products */ = {
			isa = PBXGroup;
			children = (
				0FB321391D47183B00B91F9C /* CRUD.framework */,
				0FB321431D47183B00B91F9C /* CRUDTests.xctest */,
			);
			name = Products;
			sourceTree = "<group>";
		};
		0FB3213B1D47183B00B91F9C /* CRUD */ = {
			isa = PBXGroup;
			children = (
				0FB321531D4718B000B91F9C /* Source */,
				0FB3213E1D47183B00B91F9C /* Info.plist */,
			);
			path = CRUD;
			sourceTree = "<group>";
		};
		0FB321471D47183B00B91F9C /* CRUDTests */ = {
			isa = PBXGroup;
			children = (
				0FB321481D47183B00B91F9C /* CRUDTests.swift */,
				0FB3214A1D47183B00B91F9C /* Info.plist */,
			);
			path = CRUDTests;
			sourceTree = "<group>";
		};
		0FB321531D4718B000B91F9C /* Source */ = {
			isa = PBXGroup;
			children = (
				0FB321541D4718B000B91F9C /* CRUD.h */,
				0FB321551D4718B000B91F9C /* CRUD.swift */,
				0FB3215F1D471E7100B91F9C /* Error.swift */,
			);
			path = Source;
			sourceTree = "<group>";
		};
		0FB3215E1D471DA900B91F9C /* Frameworks */ = {
			isa = PBXGroup;
			children = (
				0FB3215C1D471D7800B91F9C /* When.framework */,
				0FB3215A1D471D7400B91F9C /* Gloss.framework */,
				0FB321581D471D6900B91F9C /* Alamofire.framework */,
			);
			name = Frameworks;
			sourceTree = "<group>";
		};
/* End PBXGroup section */

/* Begin PBXHeadersBuildPhase section */
		0FB321361D47183B00B91F9C /* Headers */ = {
			isa = PBXHeadersBuildPhase;
			buildActionMask = 2147483647;
			files = (
				0FB321561D4718B000B91F9C /* CRUD.h in Headers */,
			);
			runOnlyForDeploymentPostprocessing = 0;
		};
/* End PBXHeadersBuildPhase section */

/* Begin PBXNativeTarget section */
		0FB321381D47183B00B91F9C /* CRUD */ = {
			isa = PBXNativeTarget;
			buildConfigurationList = 0FB3214D1D47183B00B91F9C /* Build configuration list for PBXNativeTarget "CRUD" */;
			buildPhases = (
				0FB321341D47183B00B91F9C /* Sources */,
				0FB321351D47183B00B91F9C /* Frameworks */,
				0FB321361D47183B00B91F9C /* Headers */,
				0FB321371D47183B00B91F9C /* Resources */,
			);
			buildRules = (
			);
			dependencies = (
			);
			name = CRUD;
			productName = CRUD;
			productReference = 0FB321391D47183B00B91F9C /* CRUD.framework */;
			productType = "com.apple.product-type.framework";
		};
		0FB321421D47183B00B91F9C /* CRUDTests */ = {
			isa = PBXNativeTarget;
			buildConfigurationList = 0FB321501D47183B00B91F9C /* Build configuration list for PBXNativeTarget "CRUDTests" */;
			buildPhases = (
				0FB3213F1D47183B00B91F9C /* Sources */,
				0FB321401D47183B00B91F9C /* Frameworks */,
				0FB321411D47183B00B91F9C /* Resources */,
			);
			buildRules = (
			);
			dependencies = (
				0FB321461D47183B00B91F9C /* PBXTargetDependency */,
			);
			name = CRUDTests;
			productName = CRUDTests;
			productReference = 0FB321431D47183B00B91F9C /* CRUDTests.xctest */;
			productType = "com.apple.product-type.bundle.unit-test";
		};
/* End PBXNativeTarget section */

/* Begin PBXProject section */
		0FB321301D47183B00B91F9C /* Project object */ = {
			isa = PBXProject;
			attributes = {
				LastSwiftUpdateCheck = 0730;
				LastUpgradeCheck = 0800;
				ORGANIZATIONNAME = "Alexander Zalutskiy";
				TargetAttributes = {
					0FB321381D47183B00B91F9C = {
						CreatedOnToolsVersion = 7.3.1;
						LastSwiftMigration = 0800;
					};
					0FB321421D47183B00B91F9C = {
						CreatedOnToolsVersion = 7.3.1;
						LastSwiftMigration = 0800;
					};
				};
			};
			buildConfigurationList = 0FB321331D47183B00B91F9C /* Build configuration list for PBXProject "CRUD" */;
			compatibilityVersion = "Xcode 3.2";
			developmentRegion = English;
			hasScannedForEncodings = 0;
			knownRegions = (
				en,
			);
			mainGroup = 0FB3212F1D47183B00B91F9C;
			productRefGroup = 0FB3213A1D47183B00B91F9C /* Products */;
			projectDirPath = "";
			projectRoot = "";
			targets = (
				0FB321381D47183B00B91F9C /* CRUD */,
				0FB321421D47183B00B91F9C /* CRUDTests */,
			);
		};
/* End PBXProject section */

/* Begin PBXResourcesBuildPhase section */
		0FB321371D47183B00B91F9C /* Resources */ = {
			isa = PBXResourcesBuildPhase;
			buildActionMask = 2147483647;
			files = (
			);
			runOnlyForDeploymentPostprocessing = 0;
		};
		0FB321411D47183B00B91F9C /* Resources */ = {
			isa = PBXResourcesBuildPhase;
			buildActionMask = 2147483647;
			files = (
			);
			runOnlyForDeploymentPostprocessing = 0;
		};
/* End PBXResourcesBuildPhase section */

/* Begin PBXSourcesBuildPhase section */
		0FB321341D47183B00B91F9C /* Sources */ = {
			isa = PBXSourcesBuildPhase;
			buildActionMask = 2147483647;
			files = (
				0FB321601D471E7100B91F9C /* Error.swift in Sources */,
				0FB321571D4718B000B91F9C /* CRUD.swift in Sources */,
			);
			runOnlyForDeploymentPostprocessing = 0;
		};
		0FB3213F1D47183B00B91F9C /* Sources */ = {
			isa = PBXSourcesBuildPhase;
			buildActionMask = 2147483647;
			files = (
				0FB321491D47183B00B91F9C /* CRUDTests.swift in Sources */,
			);
			runOnlyForDeploymentPostprocessing = 0;
		};
/* End PBXSourcesBuildPhase section */

/* Begin PBXTargetDependency section */
		0FB321461D47183B00B91F9C /* PBXTargetDependency */ = {
			isa = PBXTargetDependency;
			target = 0FB321381D47183B00B91F9C /* CRUD */;
			targetProxy = 0FB321451D47183B00B91F9C /* PBXContainerItemProxy */;
		};
/* End PBXTargetDependency section */

/* Begin XCBuildConfiguration section */
		0FB3214B1D47183B00B91F9C /* Debug */ = {
			isa = XCBuildConfiguration;
			buildSettings = {
				ALWAYS_SEARCH_USER_PATHS = NO;
				CLANG_ANALYZER_NONNULL = YES;
				CLANG_CXX_LANGUAGE_STANDARD = "gnu++0x";
				CLANG_CXX_LIBRARY = "libc++";
				CLANG_ENABLE_MODULES = YES;
				CLANG_ENABLE_OBJC_ARC = YES;
				CLANG_WARN_BOOL_CONVERSION = YES;
				CLANG_WARN_CONSTANT_CONVERSION = YES;
				CLANG_WARN_DIRECT_OBJC_ISA_USAGE = YES_ERROR;
				CLANG_WARN_EMPTY_BODY = YES;
				CLANG_WARN_ENUM_CONVERSION = YES;
				CLANG_WARN_INFINITE_RECURSION = YES;
				CLANG_WARN_INT_CONVERSION = YES;
				CLANG_WARN_OBJC_ROOT_CLASS = YES_ERROR;
				CLANG_WARN_SUSPICIOUS_MOVE = YES;
				CLANG_WARN_UNREACHABLE_CODE = YES;
				CLANG_WARN__DUPLICATE_METHOD_MATCH = YES;
				"CODE_SIGN_IDENTITY[sdk=iphoneos*]" = "iPhone Developer";
				COPY_PHASE_STRIP = NO;
				CURRENT_PROJECT_VERSION = 1;
				DEBUG_INFORMATION_FORMAT = dwarf;
				ENABLE_STRICT_OBJC_MSGSEND = YES;
				ENABLE_TESTABILITY = YES;
				GCC_C_LANGUAGE_STANDARD = gnu99;
				GCC_DYNAMIC_NO_PIC = NO;
				GCC_NO_COMMON_BLOCKS = YES;
				GCC_OPTIMIZATION_LEVEL = 0;
				GCC_PREPROCESSOR_DEFINITIONS = (
					"DEBUG=1",
					"$(inherited)",
				);
				GCC_WARN_64_TO_32_BIT_CONVERSION = YES;
				GCC_WARN_ABOUT_RETURN_TYPE = YES_ERROR;
				GCC_WARN_UNDECLARED_SELECTOR = YES;
				GCC_WARN_UNINITIALIZED_AUTOS = YES_AGGRESSIVE;
				GCC_WARN_UNUSED_FUNCTION = YES;
				GCC_WARN_UNUSED_VARIABLE = YES;
				IPHONEOS_DEPLOYMENT_TARGET = 9.3;
				MTL_ENABLE_DEBUG_INFO = YES;
				ONLY_ACTIVE_ARCH = YES;
				SDKROOT = iphoneos;
				SWIFT_OPTIMIZATION_LEVEL = "-Onone";
				TARGETED_DEVICE_FAMILY = "1,2";
				VERSIONING_SYSTEM = "apple-generic";
				VERSION_INFO_PREFIX = "";
			};
			name = Debug;
		};
		0FB3214C1D47183B00B91F9C /* Release */ = {
			isa = XCBuildConfiguration;
			buildSettings = {
				ALWAYS_SEARCH_USER_PATHS = NO;
				CLANG_ANALYZER_NONNULL = YES;
				CLANG_CXX_LANGUAGE_STANDARD = "gnu++0x";
				CLANG_CXX_LIBRARY = "libc++";
				CLANG_ENABLE_MODULES = YES;
				CLANG_ENABLE_OBJC_ARC = YES;
				CLANG_WARN_BOOL_CONVERSION = YES;
				CLANG_WARN_CONSTANT_CONVERSION = YES;
				CLANG_WARN_DIRECT_OBJC_ISA_USAGE = YES_ERROR;
				CLANG_WARN_EMPTY_BODY = YES;
				CLANG_WARN_ENUM_CONVERSION = YES;
				CLANG_WARN_INFINITE_RECURSION = YES;
				CLANG_WARN_INT_CONVERSION = YES;
				CLANG_WARN_OBJC_ROOT_CLASS = YES_ERROR;
				CLANG_WARN_SUSPICIOUS_MOVE = YES;
				CLANG_WARN_UNREACHABLE_CODE = YES;
				CLANG_WARN__DUPLICATE_METHOD_MATCH = YES;
				"CODE_SIGN_IDENTITY[sdk=iphoneos*]" = "iPhone Developer";
				COPY_PHASE_STRIP = NO;
				CURRENT_PROJECT_VERSION = 1;
				DEBUG_INFORMATION_FORMAT = "dwarf-with-dsym";
				ENABLE_NS_ASSERTIONS = NO;
				ENABLE_STRICT_OBJC_MSGSEND = YES;
				GCC_C_LANGUAGE_STANDARD = gnu99;
				GCC_NO_COMMON_BLOCKS = YES;
				GCC_WARN_64_TO_32_BIT_CONVERSION = YES;
				GCC_WARN_ABOUT_RETURN_TYPE = YES_ERROR;
				GCC_WARN_UNDECLARED_SELECTOR = YES;
				GCC_WARN_UNINITIALIZED_AUTOS = YES_AGGRESSIVE;
				GCC_WARN_UNUSED_FUNCTION = YES;
				GCC_WARN_UNUSED_VARIABLE = YES;
				IPHONEOS_DEPLOYMENT_TARGET = 9.3;
				MTL_ENABLE_DEBUG_INFO = NO;
				SDKROOT = iphoneos;
				SWIFT_OPTIMIZATION_LEVEL = "-Owholemodule";
				TARGETED_DEVICE_FAMILY = "1,2";
				VALIDATE_PRODUCT = YES;
				VERSIONING_SYSTEM = "apple-generic";
				VERSION_INFO_PREFIX = "";
			};
			name = Release;
		};
		0FB3214E1D47183B00B91F9C /* Debug */ = {
			isa = XCBuildConfiguration;
			buildSettings = {
				"CODE_SIGN_IDENTITY[sdk=iphoneos*]" = "";
				DEFINES_MODULE = YES;
				DYLIB_COMPATIBILITY_VERSION = 1;
				DYLIB_CURRENT_VERSION = 1;
				DYLIB_INSTALL_NAME_BASE = "@rpath";
				FRAMEWORK_SEARCH_PATHS = "$(inherited)";
				INFOPLIST_FILE = CRUD/Info.plist;
				INSTALL_PATH = "$(LOCAL_LIBRARY_DIR)/Frameworks";
				IPHONEOS_DEPLOYMENT_TARGET = 9.0;
				LD_RUNPATH_SEARCH_PATHS = "$(inherited) @executable_path/Frameworks @loader_path/Frameworks";
				PRODUCT_BUNDLE_IDENTIFIER = com.alexanderZalutskiy.CRUD;
				PRODUCT_NAME = "$(TARGET_NAME)";
				SKIP_INSTALL = YES;
				SWIFT_VERSION = 3.0;
			};
			name = Debug;
		};
		0FB3214F1D47183B00B91F9C /* Release */ = {
			isa = XCBuildConfiguration;
			buildSettings = {
				"CODE_SIGN_IDENTITY[sdk=iphoneos*]" = "";
				DEFINES_MODULE = YES;
				DYLIB_COMPATIBILITY_VERSION = 1;
				DYLIB_CURRENT_VERSION = 1;
				DYLIB_INSTALL_NAME_BASE = "@rpath";
				FRAMEWORK_SEARCH_PATHS = "$(inherited)";
				INFOPLIST_FILE = CRUD/Info.plist;
				INSTALL_PATH = "$(LOCAL_LIBRARY_DIR)/Frameworks";
				IPHONEOS_DEPLOYMENT_TARGET = 9.0;
				LD_RUNPATH_SEARCH_PATHS = "$(inherited) @executable_path/Frameworks @loader_path/Frameworks";
				PRODUCT_BUNDLE_IDENTIFIER = com.alexanderZalutskiy.CRUD;
				PRODUCT_NAME = "$(TARGET_NAME)";
				SKIP_INSTALL = YES;
				SWIFT_VERSION = 3.0;
			};
			name = Release;
		};
		0FB321511D47183B00B91F9C /* Debug */ = {
			isa = XCBuildConfiguration;
			buildSettings = {
				INFOPLIST_FILE = CRUDTests/Info.plist;
				LD_RUNPATH_SEARCH_PATHS = "$(inherited) @executable_path/Frameworks @loader_path/Frameworks";
				PRODUCT_BUNDLE_IDENTIFIER = alexander.zalutskiy.CRUDTests;
				PRODUCT_NAME = "$(TARGET_NAME)";
				SWIFT_VERSION = 3.0;
			};
			name = Debug;
		};
		0FB321521D47183B00B91F9C /* Release */ = {
			isa = XCBuildConfiguration;
			buildSettings = {
				INFOPLIST_FILE = CRUDTests/Info.plist;
				LD_RUNPATH_SEARCH_PATHS = "$(inherited) @executable_path/Frameworks @loader_path/Frameworks";
				PRODUCT_BUNDLE_IDENTIFIER = alexander.zalutskiy.CRUDTests;
				PRODUCT_NAME = "$(TARGET_NAME)";
				SWIFT_VERSION = 3.0;
			};
			name = Release;
		};
/* End XCBuildConfiguration section */

/* Begin XCConfigurationList section */
		0FB321331D47183B00B91F9C /* Build configuration list for PBXProject "CRUD" */ = {
			isa = XCConfigurationList;
			buildConfigurations = (
				0FB3214B1D47183B00B91F9C /* Debug */,
				0FB3214C1D47183B00B91F9C /* Release */,
			);
			defaultConfigurationIsVisible = 0;
			defaultConfigurationName = Release;
		};
		0FB3214D1D47183B00B91F9C /* Build configuration list for PBXNativeTarget "CRUD" */ = {
			isa = XCConfigurationList;
			buildConfigurations = (
				0FB3214E1D47183B00B91F9C /* Debug */,
				0FB3214F1D47183B00B91F9C /* Release */,
			);
			defaultConfigurationIsVisible = 0;
			defaultConfigurationName = Release;
		};
		0FB321501D47183B00B91F9C /* Build configuration list for PBXNativeTarget "CRUDTests" */ = {
			isa = XCConfigurationList;
			buildConfigurations = (
				0FB321511D47183B00B91F9C /* Debug */,
				0FB321521D47183B00B91F9C /* Release */,
			);
			defaultConfigurationIsVisible = 0;
			defaultConfigurationName = Release;
		};
/* End XCConfigurationList section */
	};
	rootObject = 0FB321301D47183B00B91F9C /* Project object */;
}
